
Microsoft Visual Studio Solution File, Format Version 12.00
# Visual Studio Version 16
VisualStudioVersion = 16.0.29102.190
MinimumVisualStudioVersion = 10.0.40219.1
Project("{FAE04EC0-301F-11D3-BF4B-00C04F79EFBC}") = "HammerWorldGenerator", "HammerWorldGenerator\HammerWorldGenerator.csproj", "{C20A41FF-B66D-4424-90E2-0AB25BA61536}"
EndProject
Global
	GlobalSection(SolutionConfigurationPlatforms) = preSolution
		Debug|Any CPU = Debug|Any CPU
		Release|Any CPU = Release|Any CPU
	EndGlobalSection
	GlobalSection(ProjectConfigurationPlatforms) = postSolution
		{C20A41FF-B66D-4424-90E2-0AB25BA61536}.Debug|Any CPU.ActiveCfg = Debug|Any CPU
		{C20A41FF-B66D-4424-90E2-0AB25BA61536}.Debug|Any CPU.Build.0 = Debug|Any CPU
		{C20A41FF-B66D-4424-90E2-0AB25BA61536}.Release|Any CPU.ActiveCfg = Release|Any CPU
		{C20A41FF-B66D-4424-90E2-0AB25BA61536}.Release|Any CPU.Build.0 = Release|Any CPU
	EndGlobalSection
	GlobalSection(SolutionProperties) = preSolution
		HideSolutionNode = FALSE
	EndGlobalSection
	GlobalSection(ExtensibilityGlobals) = postSolution
		SolutionGuid = {10AF8B10-E507-497A-A2BD-82F8381313E3}
	EndGlobalSection
EndGlobal
